
Microsoft Visual Studio Solution File, Format Version 12.00
# Visual Studio 15
VisualStudioVersion = 15.0.27703.2047
MinimumVisualStudioVersion = 10.0.40219.1
Project("{FAE04EC0-301F-11D3-BF4B-00C04F79EFBC}") = "etaxOnethVersion2", "etaxOnethVersion2\etaxOnethVersion2.csproj", "{E7011994-35AC-4E26-BD3D-EBECFE3A0FCD}"
EndProject
Project("{FAE04EC0-301F-11D3-BF4B-00C04F79EFBC}") = "etaxOneth_Process", "etaxOneth_Process\etaxOneth_Process.csproj", "{49B2232E-9B53-4E44-ABF3-26FA08AE4614}"
EndProject
Project("{FAE04EC0-301F-11D3-BF4B-00C04F79EFBC}") = "ETAX-Startup", "AutoRun\ETAX-Startup.csproj", "{6D206E5A-E569-4835-8162-39DAF24E8262}"
EndProject
Project("{FAE04EC0-301F-11D3-BF4B-00C04F79EFBC}") = "etaxOneth_Printer", "etaxOneth_Printer\etaxOneth_Printer.csproj", "{345E1B48-75E4-4C36-B0A9-7C69ADBC6AA7}"
EndProject
Global
	GlobalSection(SolutionConfigurationPlatforms) = preSolution
		Debug|Any CPU = Debug|Any CPU
		Debug|x64 = Debug|x64
		Release|Any CPU = Release|Any CPU
		Release|x64 = Release|x64
	EndGlobalSection
	GlobalSection(ProjectConfigurationPlatforms) = postSolution
		{E7011994-35AC-4E26-BD3D-EBECFE3A0FCD}.Debug|Any CPU.ActiveCfg = Debug|Any CPU
		{E7011994-35AC-4E26-BD3D-EBECFE3A0FCD}.Debug|Any CPU.Build.0 = Debug|Any CPU
		{E7011994-35AC-4E26-BD3D-EBECFE3A0FCD}.Debug|x64.ActiveCfg = Debug|x64
		{E7011994-35AC-4E26-BD3D-EBECFE3A0FCD}.Debug|x64.Build.0 = Debug|x64
		{E7011994-35AC-4E26-BD3D-EBECFE3A0FCD}.Release|Any CPU.ActiveCfg = Release|Any CPU
		{E7011994-35AC-4E26-BD3D-EBECFE3A0FCD}.Release|Any CPU.Build.0 = Release|Any CPU
		{E7011994-35AC-4E26-BD3D-EBECFE3A0FCD}.Release|x64.ActiveCfg = Release|x64
		{E7011994-35AC-4E26-BD3D-EBECFE3A0FCD}.Release|x64.Build.0 = Release|x64
		{49B2232E-9B53-4E44-ABF3-26FA08AE4614}.Debug|Any CPU.ActiveCfg = Debug|Any CPU
		{49B2232E-9B53-4E44-ABF3-26FA08AE4614}.Debug|Any CPU.Build.0 = Debug|Any CPU
		{49B2232E-9B53-4E44-ABF3-26FA08AE4614}.Debug|x64.ActiveCfg = Debug|x64
		{49B2232E-9B53-4E44-ABF3-26FA08AE4614}.Debug|x64.Build.0 = Debug|x64
		{49B2232E-9B53-4E44-ABF3-26FA08AE4614}.Release|Any CPU.ActiveCfg = Release|Any CPU
		{49B2232E-9B53-4E44-ABF3-26FA08AE4614}.Release|Any CPU.Build.0 = Release|Any CPU
		{49B2232E-9B53-4E44-ABF3-26FA08AE4614}.Release|x64.ActiveCfg = Release|x64
		{49B2232E-9B53-4E44-ABF3-26FA08AE4614}.Release|x64.Build.0 = Release|x64
		{6D206E5A-E569-4835-8162-39DAF24E8262}.Debug|Any CPU.ActiveCfg = Debug|Any CPU
		{6D206E5A-E569-4835-8162-39DAF24E8262}.Debug|Any CPU.Build.0 = Debug|Any CPU
		{6D206E5A-E569-4835-8162-39DAF24E8262}.Debug|x64.ActiveCfg = Debug|x64
		{6D206E5A-E569-4835-8162-39DAF24E8262}.Debug|x64.Build.0 = Debug|x64
		{6D206E5A-E569-4835-8162-39DAF24E8262}.Release|Any CPU.ActiveCfg = Release|Any CPU
		{6D206E5A-E569-4835-8162-39DAF24E8262}.Release|Any CPU.Build.0 = Release|Any CPU
		{6D206E5A-E569-4835-8162-39DAF24E8262}.Release|x64.ActiveCfg = Release|x64
		{6D206E5A-E569-4835-8162-39DAF24E8262}.Release|x64.Build.0 = Release|x64
		{345E1B48-75E4-4C36-B0A9-7C69ADBC6AA7}.Debug|Any CPU.ActiveCfg = Debug|Any CPU
		{345E1B48-75E4-4C36-B0A9-7C69ADBC6AA7}.Debug|Any CPU.Build.0 = Debug|Any CPU
		{345E1B48-75E4-4C36-B0A9-7C69ADBC6AA7}.Debug|x64.ActiveCfg = Debug|Any CPU
		{345E1B48-75E4-4C36-B0A9-7C69ADBC6AA7}.Debug|x64.Build.0 = Debug|Any CPU
		{345E1B48-75E4-4C36-B0A9-7C69ADBC6AA7}.Release|Any CPU.ActiveCfg = Release|Any CPU
		{345E1B48-75E4-4C36-B0A9-7C69ADBC6AA7}.Release|Any CPU.Build.0 = Release|Any CPU
		{345E1B48-75E4-4C36-B0A9-7C69ADBC6AA7}.Release|x64.ActiveCfg = Release|Any CPU
		{345E1B48-75E4-4C36-B0A9-7C69ADBC6AA7}.Release|x64.Build.0 = Release|Any CPU
	EndGlobalSection
	GlobalSection(SolutionProperties) = preSolution
		HideSolutionNode = FALSE
	EndGlobalSection
	GlobalSection(ExtensibilityGlobals) = postSolution
		SolutionGuid = {75C02EC9-0C15-40D7-8675-F1E522445B62}
	EndGlobalSection
EndGlobal
